
Microsoft Visual Studio Solution File, Format Version 12.00
# Visual Studio Version 16
VisualStudioVersion = 16.0.30804.86
MinimumVisualStudioVersion = 10.0.40219.1
Project("{9A19103F-16F7-4668-BE54-9A1E7A4F7556}") = "Xiangqi.PGN", "Xiangqi.PGN\Xiangqi.PGN.csproj", "{02A203C2-5780-4D60-9405-6ED1B0E5A401}"
EndProject
Project("{9A19103F-16F7-4668-BE54-9A1E7A4F7556}") = "Xiangqi.CLI", "Xiangqi.CLI\Xiangqi.CLI.csproj", "{6BE563B9-BF8B-47FE-901B-251B04083671}"
EndProject
Project("{2150E333-8FDC-42A3-9474-1A3956D46DE8}") = "Core", "Core", "{E8ABBDED-5B0F-4F7C-8649-5042AF5330E8}"
EndProject
Project("{F184B08F-C81C-45F6-A57F-5ABD9991F28F}") = "Xiangqi.Core", "Xiangqi.Core\Xiangqi.Core.vbproj", "{73A15BD8-03A3-4F1E-B02C-780E09236679}"
EndProject
Project("{FAE04EC0-301F-11D3-BF4B-00C04F79EFBC}") = "Xiangqi.App", "Xiangqi.App\Xiangqi.App.csproj", "{9225CBEE-DF3E-4871-B978-4E335C3E0398}"
EndProject
Project("{2150E333-8FDC-42A3-9474-1A3956D46DE8}") = "Lib", "Lib", "{E31AB9E8-4930-4058-BA3C-DBC0F8795957}"
EndProject
Global
	GlobalSection(SolutionConfigurationPlatforms) = preSolution
		Debug|Any CPU = Debug|Any CPU
		Debug|x86 = Debug|x86
		Release|Any CPU = Release|Any CPU
		Release|x86 = Release|x86
	EndGlobalSection
	GlobalSection(ProjectConfigurationPlatforms) = postSolution
		{02A203C2-5780-4D60-9405-6ED1B0E5A401}.Debug|Any CPU.ActiveCfg = Debug|Any CPU
		{02A203C2-5780-4D60-9405-6ED1B0E5A401}.Debug|Any CPU.Build.0 = Debug|Any CPU
		{02A203C2-5780-4D60-9405-6ED1B0E5A401}.Debug|x86.ActiveCfg = Debug|Any CPU
		{02A203C2-5780-4D60-9405-6ED1B0E5A401}.Debug|x86.Build.0 = Debug|Any CPU
		{02A203C2-5780-4D60-9405-6ED1B0E5A401}.Release|Any CPU.ActiveCfg = Release|Any CPU
		{02A203C2-5780-4D60-9405-6ED1B0E5A401}.Release|Any CPU.Build.0 = Release|Any CPU
		{02A203C2-5780-4D60-9405-6ED1B0E5A401}.Release|x86.ActiveCfg = Release|Any CPU
		{02A203C2-5780-4D60-9405-6ED1B0E5A401}.Release|x86.Build.0 = Release|Any CPU
		{6BE563B9-BF8B-47FE-901B-251B04083671}.Debug|Any CPU.ActiveCfg = Debug|Any CPU
		{6BE563B9-BF8B-47FE-901B-251B04083671}.Debug|Any CPU.Build.0 = Debug|Any CPU
		{6BE563B9-BF8B-47FE-901B-251B04083671}.Debug|x86.ActiveCfg = Debug|Any CPU
		{6BE563B9-BF8B-47FE-901B-251B04083671}.Debug|x86.Build.0 = Debug|Any CPU
		{6BE563B9-BF8B-47FE-901B-251B04083671}.Release|Any CPU.ActiveCfg = Release|Any CPU
		{6BE563B9-BF8B-47FE-901B-251B04083671}.Release|Any CPU.Build.0 = Release|Any CPU
		{6BE563B9-BF8B-47FE-901B-251B04083671}.Release|x86.ActiveCfg = Release|Any CPU
		{6BE563B9-BF8B-47FE-901B-251B04083671}.Release|x86.Build.0 = Release|Any CPU
		{73A15BD8-03A3-4F1E-B02C-780E09236679}.Debug|Any CPU.ActiveCfg = Debug|Any CPU
		{73A15BD8-03A3-4F1E-B02C-780E09236679}.Debug|Any CPU.Build.0 = Debug|Any CPU
		{73A15BD8-03A3-4F1E-B02C-780E09236679}.Debug|x86.ActiveCfg = Debug|Any CPU
		{73A15BD8-03A3-4F1E-B02C-780E09236679}.Debug|x86.Build.0 = Debug|Any CPU
		{73A15BD8-03A3-4F1E-B02C-780E09236679}.Release|Any CPU.ActiveCfg = Release|Any CPU
		{73A15BD8-03A3-4F1E-B02C-780E09236679}.Release|Any CPU.Build.0 = Release|Any CPU
		{73A15BD8-03A3-4F1E-B02C-780E09236679}.Release|x86.ActiveCfg = Release|Any CPU
		{73A15BD8-03A3-4F1E-B02C-780E09236679}.Release|x86.Build.0 = Release|Any CPU
		{9225CBEE-DF3E-4871-B978-4E335C3E0398}.Debug|Any CPU.ActiveCfg = Debug|Any CPU
		{9225CBEE-DF3E-4871-B978-4E335C3E0398}.Debug|Any CPU.Build.0 = Debug|Any CPU
		{9225CBEE-DF3E-4871-B978-4E335C3E0398}.Debug|x86.ActiveCfg = Debug|Any CPU
		{9225CBEE-DF3E-4871-B978-4E335C3E0398}.Debug|x86.Build.0 = Debug|Any CPU
		{9225CBEE-DF3E-4871-B978-4E335C3E0398}.Release|Any CPU.ActiveCfg = Release|Any CPU
		{9225CBEE-DF3E-4871-B978-4E335C3E0398}.Release|Any CPU.Build.0 = Release|Any CPU
		{9225CBEE-DF3E-4871-B978-4E335C3E0398}.Release|x86.ActiveCfg = Release|Any CPU
		{9225CBEE-DF3E-4871-B978-4E335C3E0398}.Release|x86.Build.0 = Release|Any CPU
	EndGlobalSection
	GlobalSection(SolutionProperties) = preSolution
		HideSolutionNode = FALSE
	EndGlobalSection
	GlobalSection(NestedProjects) = preSolution
		{02A203C2-5780-4D60-9405-6ED1B0E5A401} = {E31AB9E8-4930-4058-BA3C-DBC0F8795957}
		{73A15BD8-03A3-4F1E-B02C-780E09236679} = {E8ABBDED-5B0F-4F7C-8649-5042AF5330E8}
	EndGlobalSection
	GlobalSection(ExtensibilityGlobals) = postSolution
		SolutionGuid = {41898440-5494-4FA6-A505-C188820AD776}
	EndGlobalSection
EndGlobal
